
Microsoft Visual Studio Solution File, Format Version 12.00
# Visual Studio Version 17
VisualStudioVersion = 17.13.35806.99 d17.13
MinimumVisualStudioVersion = 10.0.40219.1
Project("{FAE04EC0-301F-11D3-BF4B-00C04F79EFBC}") = "frontend_proyectando", "frontend_proyectando\frontend_proyectando.csproj", "{6A86B876-996A-464A-8E8E-2412FE74D955}"
EndProject
Global
	GlobalSection(SolutionConfigurationPlatforms) = preSolution
		Debug|Any CPU = Debug|Any CPU
		Release|Any CPU = Release|Any CPU
	EndGlobalSection
	GlobalSection(ProjectConfigurationPlatforms) = postSolution
		{6A86B876-996A-464A-8E8E-2412FE74D955}.Debug|Any CPU.ActiveCfg = Debug|Any CPU
		{6A86B876-996A-464A-8E8E-2412FE74D955}.Debug|Any CPU.Build.0 = Debug|Any CPU
		{6A86B876-996A-464A-8E8E-2412FE74D955}.Release|Any CPU.ActiveCfg = Release|Any CPU
		{6A86B876-996A-464A-8E8E-2412FE74D955}.Release|Any CPU.Build.0 = Release|Any CPU
	EndGlobalSection
	GlobalSection(SolutionProperties) = preSolution
		HideSolutionNode = FALSE
	EndGlobalSection
	GlobalSection(ExtensibilityGlobals) = postSolution
		SolutionGuid = {EB85E8A1-AC24-489D-B47D-12BC0DDE13F1}
	EndGlobalSection
EndGlobal
